
Microsoft Visual Studio Solution File, Format Version 12.00
# Visual Studio Version 17
VisualStudioVersion = 17.2.32616.157
MinimumVisualStudioVersion = 10.0.40219.1
Project("{FAE04EC0-301F-11D3-BF4B-00C04F79EFBC}") = "Blog.WebAPI", "Blog.WebAPI\Blog.WebAPI.csproj", "{78E151D8-0C31-461F-AF0C-05761B605037}"
EndProject
Project("{FAE04EC0-301F-11D3-BF4B-00C04F79EFBC}") = "Blog.Repository", "Blog.Repository\Blog.Repository.csproj", "{989D674B-0A89-4460-93AE-E9D98F99EAF0}"
EndProject
Project("{FAE04EC0-301F-11D3-BF4B-00C04F79EFBC}") = "Blog.Service", "Blog.Service\Blog.Service.csproj", "{87DB7181-AF6C-4612-B75A-20427595B142}"
EndProject
Project("{FAE04EC0-301F-11D3-BF4B-00C04F79EFBC}") = "Blog.Model", "Blog.Model\Blog.Model.csproj", "{5223B078-4017-4736-8D47-C99CFB543B76}"
EndProject
Project("{FAE04EC0-301F-11D3-BF4B-00C04F79EFBC}") = "Blog.Common", "Blog.Common\Blog.Common.csproj", "{12A2F4B0-3527-4312-97F6-3F028C464519}"
EndProject
Global
	GlobalSection(SolutionConfigurationPlatforms) = preSolution
		Debug|Any CPU = Debug|Any CPU
		Release|Any CPU = Release|Any CPU
	EndGlobalSection
	GlobalSection(ProjectConfigurationPlatforms) = postSolution
		{78E151D8-0C31-461F-AF0C-05761B605037}.Debug|Any CPU.ActiveCfg = Debug|Any CPU
		{78E151D8-0C31-461F-AF0C-05761B605037}.Debug|Any CPU.Build.0 = Debug|Any CPU
		{78E151D8-0C31-461F-AF0C-05761B605037}.Release|Any CPU.ActiveCfg = Release|Any CPU
		{78E151D8-0C31-461F-AF0C-05761B605037}.Release|Any CPU.Build.0 = Release|Any CPU
		{989D674B-0A89-4460-93AE-E9D98F99EAF0}.Debug|Any CPU.ActiveCfg = Debug|Any CPU
		{989D674B-0A89-4460-93AE-E9D98F99EAF0}.Debug|Any CPU.Build.0 = Debug|Any CPU
		{989D674B-0A89-4460-93AE-E9D98F99EAF0}.Release|Any CPU.ActiveCfg = Release|Any CPU
		{989D674B-0A89-4460-93AE-E9D98F99EAF0}.Release|Any CPU.Build.0 = Release|Any CPU
		{87DB7181-AF6C-4612-B75A-20427595B142}.Debug|Any CPU.ActiveCfg = Debug|Any CPU
		{87DB7181-AF6C-4612-B75A-20427595B142}.Debug|Any CPU.Build.0 = Debug|Any CPU
		{87DB7181-AF6C-4612-B75A-20427595B142}.Release|Any CPU.ActiveCfg = Release|Any CPU
		{87DB7181-AF6C-4612-B75A-20427595B142}.Release|Any CPU.Build.0 = Release|Any CPU
		{5223B078-4017-4736-8D47-C99CFB543B76}.Debug|Any CPU.ActiveCfg = Debug|Any CPU
		{5223B078-4017-4736-8D47-C99CFB543B76}.Debug|Any CPU.Build.0 = Debug|Any CPU
		{5223B078-4017-4736-8D47-C99CFB543B76}.Release|Any CPU.ActiveCfg = Release|Any CPU
		{5223B078-4017-4736-8D47-C99CFB543B76}.Release|Any CPU.Build.0 = Release|Any CPU
		{12A2F4B0-3527-4312-97F6-3F028C464519}.Debug|Any CPU.ActiveCfg = Debug|Any CPU
		{12A2F4B0-3527-4312-97F6-3F028C464519}.Debug|Any CPU.Build.0 = Debug|Any CPU
		{12A2F4B0-3527-4312-97F6-3F028C464519}.Release|Any CPU.ActiveCfg = Release|Any CPU
		{12A2F4B0-3527-4312-97F6-3F028C464519}.Release|Any CPU.Build.0 = Release|Any CPU
	EndGlobalSection
	GlobalSection(SolutionProperties) = preSolution
		HideSolutionNode = FALSE
	EndGlobalSection
	GlobalSection(ExtensibilityGlobals) = postSolution
		SolutionGuid = {D8EE3EDA-AD2E-45B8-A5C1-105AE022610A}
	EndGlobalSection
EndGlobal
